// !$*UTF8*$!
{
	archiveVersion = 1;
	classes = {
	};
	objectVersion = 46;
	objects = {

/* Begin PBXBuildFile section */
		E2E3F87B1F318B7C009161C2 /* ExpandableHeaderView.swift in Sources */ = {isa = PBXBuildFile; fileRef = E2E3F87A1F318B7C009161C2 /* ExpandableHeaderView.swift */; };
		E2EE3E2B1F28840600549263 /* DetailVC.swift in Sources */ = {isa = PBXBuildFile; fileRef = E2EE3E2A1F28840600549263 /* DetailVC.swift */; };
		E2EE8EE71F25A2320090395F /* AppDelegate.swift in Sources */ = {isa = PBXBuildFile; fileRef = E2EE8EE61F25A2320090395F /* AppDelegate.swift */; };
		E2EE8EEC1F25A2320090395F /* Main.storyboard in Resources */ = {isa = PBXBuildFile; fileRef = E2EE8EEA1F25A2320090395F /* Main.storyboard */; };
		E2EE8EEE1F25A2320090395F /* Assets.xcassets in Resources */ = {isa = PBXBuildFile; fileRef = E2EE8EED1F25A2320090395F /* Assets.xcassets */; };
		E2EE8EF11F25A2320090395F /* LaunchScreen.storyboard in Resources */ = {isa = PBXBuildFile; fileRef = E2EE8EEF1F25A2320090395F /* LaunchScreen.storyboard */; };
		E2EE8EF91F25A24E0090395F /* data.plist in Resources */ = {isa = PBXBuildFile; fileRef = E2EE8EF81F25A24E0090395F /* data.plist */; };
		E2EE8EFB1F25A3EB0090395F /* CountryListVC.swift in Sources */ = {isa = PBXBuildFile; fileRef = E2EE8EFA1F25A3EB0090395F /* CountryListVC.swift */; };
/* End PBXBuildFile section */

/* Begin PBXFileReference section */
		E2E3F87A1F318B7C009161C2 /* ExpandableHeaderView.swift */ = {isa = PBXFileReference; fileEncoding = 4; lastKnownFileType = sourcecode.swift; path = ExpandableHeaderView.swift; sourceTree = "<group>"; };
		E2EE3E2A1F28840600549263 /* DetailVC.swift */ = {isa = PBXFileReference; fileEncoding = 4; lastKnownFileType = sourcecode.swift; path = DetailVC.swift; sourceTree = "<group>"; };
		E2EE8EE31F25A2320090395F /* demoTableView.app */ = {isa = PBXFileReference; explicitFileType = wrapper.application; includeInIndex = 0; path = demoTableView.app; sourceTree = BUILT_PRODUCTS_DIR; };
		E2EE8EE61F25A2320090395F /* AppDelegate.swift */ = {isa = PBXFileReference; lastKnownFileType = sourcecode.swift; path = AppDelegate.swift; sourceTree = "<group>"; };
		E2EE8EEB1F25A2320090395F /* Base */ = {isa = PBXFileReference; lastKnownFileType = file.storyboard; name = Base; path = Base.lproj/Main.storyboard; sourceTree = "<group>"; };
		E2EE8EED1F25A2320090395F /* Assets.xcassets */ = {isa = PBXFileReference; lastKnownFileType = folder.assetcatalog; path = Assets.xcassets; sourceTree = "<group>"; };
		E2EE8EF01F25A2320090395F /* Base */ = {isa = PBXFileReference; lastKnownFileType = file.storyboard; name = Base; path = Base.lproj/LaunchScreen.storyboard; sourceTree = "<group>"; };
		E2EE8EF21F25A2320090395F /* Info.plist */ = {isa = PBXFileReference; lastKnownFileType = text.plist.xml; path = Info.plist; sourceTree = "<group>"; };
		E2EE8EF81F25A24E0090395F /* data.plist */ = {isa = PBXFileReference; fileEncoding = 4; lastKnownFileType = text.plist.xml; path = data.plist; sourceTree = "<group>"; };
		E2EE8EFA1F25A3EB0090395F /* CountryListVC.swift */ = {isa = PBXFileReference; fileEncoding = 4; lastKnownFileType = sourcecode.swift; path = CountryListVC.swift; sourceTree = "<group>"; };
/* End PBXFileReference section */

/* Begin PBXFrameworksBuildPhase section */
		E2EE8EE01F25A2320090395F /* Frameworks */ = {
			isa = PBXFrameworksBuildPhase;
			buildActionMask = 2147483647;
			files = (
			);
			runOnlyForDeploymentPostprocessing = 0;
		};
/* End PBXFrameworksBuildPhase section */

/* Begin PBXGroup section */
		E2EE8EDA1F25A2320090395F = {
			isa = PBXGroup;
			children = (
				E2EE8EE51F25A2320090395F /* demoTableView */,
				E2EE8EE41F25A2320090395F /* Products */,
			);
			sourceTree = "<group>";
		};
		E2EE8EE41F25A2320090395F /* Products */ = {
			isa = PBXGroup;
			children = (
				E2EE8EE31F25A2320090395F /* demoTableView.app */,
			);
			name = Products;
			sourceTree = "<group>";
		};
		E2EE8EE51F25A2320090395F /* demoTableView */ = {
			isa = PBXGroup;
			children = (
				E2EE8EE61F25A2320090395F /* AppDelegate.swift */,
				E2EE8EEA1F25A2320090395F /* Main.storyboard */,
				E2EE8EFA1F25A3EB0090395F /* CountryListVC.swift */,
				E2EE3E2A1F28840600549263 /* DetailVC.swift */,
				E2E3F87A1F318B7C009161C2 /* ExpandableHeaderView.swift */,
				E2EE8EED1F25A2320090395F /* Assets.xcassets */,
				E2EE8EEF1F25A2320090395F /* LaunchScreen.storyboard */,
				E2EE8EF21F25A2320090395F /* Info.plist */,
				E2EE8EF81F25A24E0090395F /* data.plist */,
			);
			path = demoTableView;
			sourceTree = "<group>";
		};
/* End PBXGroup section */

/* Begin PBXNativeTarget section */
		E2EE8EE21F25A2320090395F /* demoTableView */ = {
			isa = PBXNativeTarget;
			buildConfigurationList = E2EE8EF51F25A2320090395F /* Build configuration list for PBXNativeTarget "demoTableView" */;
			buildPhases = (
				E2EE8EDF1F25A2320090395F /* Sources */,
				E2EE8EE01F25A2320090395F /* Frameworks */,
				E2EE8EE11F25A2320090395F /* Resources */,
			);
			buildRules = (
			);
			dependencies = (
			);
			name = demoTableView;
			productName = demoTableView;
			productReference = E2EE8EE31F25A2320090395F /* demoTableView.app */;
			productType = "com.apple.product-type.application";
		};
/* End PBXNativeTarget section */

/* Begin PBXProject section */
		E2EE8EDB1F25A2320090395F /* Project object */ = {
			isa = PBXProject;
			attributes = {
				LastSwiftUpdateCheck = 0830;
				LastUpgradeCheck = 0830;
				ORGANIZATIONNAME = techmaster;
				TargetAttributes = {
					E2EE8EE21F25A2320090395F = {
						CreatedOnToolsVersion = 8.3.3;
						ProvisioningStyle = Automatic;
					};
				};
			};
			buildConfigurationList = E2EE8EDE1F25A2320090395F /* Build configuration list for PBXProject "demoTableView" */;
			compatibilityVersion = "Xcode 3.2";
			developmentRegion = English;
			hasScannedForEncodings = 0;
			knownRegions = (
				en,
				Base,
			);
			mainGroup = E2EE8EDA1F25A2320090395F;
			productRefGroup = E2EE8EE41F25A2320090395F /* Products */;
			projectDirPath = "";
			projectRoot = "";
			targets = (
				E2EE8EE21F25A2320090395F /* demoTableView */,
			);
		};
/* End PBXProject section */

/* Begin PBXResourcesBuildPhase section */
		E2EE8EE11F25A2320090395F /* Resources */ = {
			isa = PBXResourcesBuildPhase;
			buildActionMask = 2147483647;
			files = (
				E2EE8EF11F25A2320090395F /* LaunchScreen.storyboard in Resources */,
				E2EE8EEE1F25A2320090395F /* Assets.xcassets in Resources */,
				E2EE8EF91F25A24E0090395F /* data.plist in Resources */,
				E2EE8EEC1F25A2320090395F /* Main.storyboard in Resources */,
			);
			runOnlyForDeploymentPostprocessing = 0;
		};
/* End PBXResourcesBuildPhase section */

/* Begin PBXSourcesBuildPhase section */
		E2EE8EDF1F25A2320090395F /* Sources */ = {
			isa = PBXSourcesBuildPhase;
			buildActionMask = 2147483647;
			files = (
				E2EE8EFB1F25A3EB0090395F /* CountryListVC.swift in Sources */,
				E2E3F87B1F318B7C009161C2 /* ExpandableHeaderView.swift in Sources */,
				E2EE8EE71F25A2320090395F /* AppDelegate.swift in Sources */,
				E2EE3E2B1F28840600549263 /* DetailVC.swift in Sources */,
			);
			runOnlyForDeploymentPostprocessing = 0;
		};
/* End PBXSourcesBuildPhase section */

/* Begin PBXVariantGroup section */
		E2EE8EEA1F25A2320090395F /* Main.storyboard */ = {
			isa = PBXVariantGroup;
			children = (
				E2EE8EEB1F25A2320090395F /* Base */,
			);
			name = Main.storyboard;
			sourceTree = "<group>";
		};
		E2EE8EEF1F25A2320090395F /* LaunchScreen.storyboard */ = {
			isa = PBXVariantGroup;
			children = (
				E2EE8EF01F25A2320090395F /* Base */,
			);
			name = LaunchScreen.storyboard;
			sourceTree = "<group>";
		};
/* End PBXVariantGroup section */

/* Begin XCBuildConfiguration section */
		E2EE8EF31F25A2320090395F /* Debug */ = {
			isa = XCBuildConfiguration;
			buildSettings = {
				ALWAYS_SEARCH_USER_PATHS = NO;
				CLANG_ANALYZER_NONNULL = YES;
				CLANG_ANALYZER_NUMBER_OBJECT_CONVERSION = YES_AGGRESSIVE;
				CLANG_CXX_LANGUAGE_STANDARD = "gnu++0x";
				CLANG_CXX_LIBRARY = "libc++";
				CLANG_ENABLE_MODULES = YES;
				CLANG_ENABLE_OBJC_ARC = YES;
				CLANG_WARN_BOOL_CONVERSION = YES;
				CLANG_WARN_CONSTANT_CONVERSION = YES;
				CLANG_WARN_DIRECT_OBJC_ISA_USAGE = YES_ERROR;
				CLANG_WARN_DOCUMENTATION_COMMENTS = YES;
				CLANG_WARN_EMPTY_BODY = YES;
				CLANG_WARN_ENUM_CONVERSION = YES;
				CLANG_WARN_INFINITE_RECURSION = YES;
				CLANG_WARN_INT_CONVERSION = YES;
				CLANG_WARN_OBJC_ROOT_CLASS = YES_ERROR;
				CLANG_WARN_SUSPICIOUS_MOVE = YES;
				CLANG_WARN_UNREACHABLE_CODE = YES;
				CLANG_WARN__DUPLICATE_METHOD_MATCH = YES;
				"CODE_SIGN_IDENTITY[sdk=iphoneos*]" = "iPhone Developer";
				COPY_PHASE_STRIP = NO;
				DEBUG_INFORMATION_FORMAT = dwarf;
				ENABLE_STRICT_OBJC_MSGSEND = YES;
				ENABLE_TESTABILITY = YES;
				GCC_C_LANGUAGE_STANDARD = gnu99;
				GCC_DYNAMIC_NO_PIC = NO;
				GCC_NO_COMMON_BLOCKS = YES;
				GCC_OPTIMIZATION_LEVEL = 0;
				GCC_PREPROCESSOR_DEFINITIONS = (
					"DEBUG=1",
					"$(inherited)",
				);
				GCC_WARN_64_TO_32_BIT_CONVERSION = YES;
				GCC_WARN_ABOUT_RETURN_TYPE = YES_ERROR;
				GCC_WARN_UNDECLARED_SELECTOR = YES;
				GCC_WARN_UNINITIALIZED_AUTOS = YES_AGGRESSIVE;
				GCC_WARN_UNUSED_FUNCTION = YES;
				GCC_WARN_UNUSED_VARIABLE = YES;
				IPHONEOS_DEPLOYMENT_TARGET = 10.3;
				MTL_ENABLE_DEBUG_INFO = YES;
				ONLY_ACTIVE_ARCH = YES;
				SDKROOT = iphoneos;
				SWIFT_ACTIVE_COMPILATION_CONDITIONS = DEBUG;
				SWIFT_OPTIMIZATION_LEVEL = "-Onone";
				TARGETED_DEVICE_FAMILY = "1,2";
			};
			name = Debug;
		};
		E2EE8EF41F25A2320090395F /* Release */ = {
			isa = XCBuildConfiguration;
			buildSettings = {
				ALWAYS_SEARCH_USER_PATHS = NO;
				CLANG_ANALYZER_NONNULL = YES;
				CLANG_ANALYZER_NUMBER_OBJECT_CONVERSION = YES_AGGRESSIVE;
				CLANG_CXX_LANGUAGE_STANDARD = "gnu++0x";
				CLANG_CXX_LIBRARY = "libc++";
				CLANG_ENABLE_MODULES = YES;
				CLANG_ENABLE_OBJC_ARC = YES;
				CLANG_WARN_BOOL_CONVERSION = YES;
				CLANG_WARN_CONSTANT_CONVERSION = YES;
				CLANG_WARN_DIRECT_OBJC_ISA_USAGE = YES_ERROR;
				CLANG_WARN_DOCUMENTATION_COMMENTS = YES;
				CLANG_WARN_EMPTY_BODY = YES;
				CLANG_WARN_ENUM_CONVERSION = YES;
				CLANG_WARN_INFINITE_RECURSION = YES;
				CLANG_WARN_INT_CONVERSION = YES;
				CLANG_WARN_OBJC_ROOT_CLASS = YES_ERROR;
				CLANG_WARN_SUSPICIOUS_MOVE = YES;
				CLANG_WARN_UNREACHABLE_CODE = YES;
				CLANG_WARN__DUPLICATE_METHOD_MATCH = YES;
				"CODE_SIGN_IDENTITY[sdk=iphoneos*]" = "iPhone Developer";
				COPY_PHASE_STRIP = NO;
				DEBUG_INFORMATION_FORMAT = "dwarf-with-dsym";
				ENABLE_NS_ASSERTIONS = NO;
				ENABLE_STRICT_OBJC_MSGSEND = YES;
				GCC_C_LANGUAGE_STANDARD = gnu99;
				GCC_NO_COMMON_BLOCKS = YES;
				GCC_WARN_64_TO_32_BIT_CONVERSION = YES;
				GCC_WARN_ABOUT_RETURN_TYPE = YES_ERROR;
				GCC_WARN_UNDECLARED_SELECTOR = YES;
				GCC_WARN_UNINITIALIZED_AUTOS = YES_AGGRESSIVE;
				GCC_WARN_UNUSED_FUNCTION = YES;
				GCC_WARN_UNUSED_VARIABLE = YES;
				IPHONEOS_DEPLOYMENT_TARGET = 10.3;
				MTL_ENABLE_DEBUG_INFO = NO;
				SDKROOT = iphoneos;
				SWIFT_OPTIMIZATION_LEVEL = "-Owholemodule";
				TARGETED_DEVICE_FAMILY = "1,2";
				VALIDATE_PRODUCT = YES;
			};
			name = Release;
		};
		E2EE8EF61F25A2320090395F /* Debug */ = {
			isa = XCBuildConfiguration;
			buildSettings = {
				ASSETCATALOG_COMPILER_APPICON_NAME = AppIcon;
				INFOPLIST_FILE = demoTableView/Info.plist;
				LD_RUNPATH_SEARCH_PATHS = "$(inherited) @executable_path/Frameworks";
				PRODUCT_BUNDLE_IDENTIFIER = vn.techmaster.demoTableView;
				PRODUCT_NAME = "$(TARGET_NAME)";
				SWIFT_VERSION = 3.0;
			};
			name = Debug;
		};
		E2EE8EF71F25A2320090395F /* Release */ = {
			isa = XCBuildConfiguration;
			buildSettings = {
				ASSETCATALOG_COMPILER_APPICON_NAME = AppIcon;
				INFOPLIST_FILE = demoTableView/Info.plist;
				LD_RUNPATH_SEARCH_PATHS = "$(inherited) @executable_path/Frameworks";
				PRODUCT_BUNDLE_IDENTIFIER = vn.techmaster.demoTableView;
				PRODUCT_NAME = "$(TARGET_NAME)";
				SWIFT_VERSION = 3.0;
			};
			name = Release;
		};
/* End XCBuildConfiguration section */

/* Begin XCConfigurationList section */
		E2EE8EDE1F25A2320090395F /* Build configuration list for PBXProject "demoTableView" */ = {
			isa = XCConfigurationList;
			buildConfigurations = (
				E2EE8EF31F25A2320090395F /* Debug */,
				E2EE8EF41F25A2320090395F /* Release */,
			);
			defaultConfigurationIsVisible = 0;
			defaultConfigurationName = Release;
		};
		E2EE8EF51F25A2320090395F /* Build configuration list for PBXNativeTarget "demoTableView" */ = {
			isa = XCConfigurationList;
			buildConfigurations = (
				E2EE8EF61F25A2320090395F /* Debug */,
				E2EE8EF71F25A2320090395F /* Release */,
			);
			defaultConfigurationIsVisible = 0;
			defaultConfigurationName = Release;
		};
/* End XCConfigurationList section */
	};
	rootObject = E2EE8EDB1F25A2320090395F /* Project object */;
}
